{
  "name": "build",
  "version": "3.0.2",
  "lockfileVersion": 1,
  "requires": true,
  "dependencies": {
    "automat": {
      "version": "1.2.0",
      "resolved": "https://registry.npmjs.org/automat/-/automat-1.2.0.tgz",
      "integrity": "sha1-aNIvHhQzjitBCByeyZG22XSwYzA="
    },
    "code-match": {
      "version": "1.0.0",
      "resolved": "https://registry.npmjs.org/code-match/-/code-match-1.0.0.tgz",
      "integrity": "sha512-ktpPaeT/4WvLmF147CM8c808WCuWg1fNHVGIOpYuuc3tuXcZfD5Uh5rGBSU3qJZgLCmsBXYIHcYVizg13ZDDyA==",
      "requires": {
        "greylist": "^2.1.0",
        "match-point": "^1.0.0",
        "object-catalog": "^1.1.2"
      }
    },
    "css-injector": {
      "version": "1.1.0",
      "resolved": "https://registry.npmjs.org/css-injector/-/css-injector-1.1.0.tgz",
      "integrity": "sha1-SG/U3E+EcN7wBxRwQ0RS8gM+xPo="
    },
    "datasaur-base": {
      "version": "3.0.0",
      "resolved": "https://registry.npmjs.org/datasaur-base/-/datasaur-base-3.0.0.tgz",
      "integrity": "sha512-dJuvCUeba280L1wFbjpxcLx422b55363M/r2KrjwqF5pEAQ7zO1sNWHF5NW3+7z6e/r2fVvRj0g1+nX19IuIRA==",
      "requires": {
        "extend-me": "^2.7.0"
      }
    },
    "datasaur-local": {
      "version": "3.0.0",
      "resolved": "https://registry.npmjs.org/datasaur-local/-/datasaur-local-3.0.0.tgz",
      "integrity": "sha512-d69iqyMM8DmzsnwuDQy1M36YfwmQTi9ibQeQ7Bwc1NdqX9XsCiI0zPfy4zb8efRt7P01U+buNRNBYhSFQ5410w==",
      "requires": {
        "datasaur-base": "^3.0.0"
      }
    },
    "extend-me": {
      "version": "2.7.0",
      "resolved": "https://registry.npmjs.org/extend-me/-/extend-me-2.7.0.tgz",
      "integrity": "sha512-SklO9LFB88+40BdgVOEx1Jhe9lA/+nEEB5Wop270Rhs3EGFRiGMJ3uatSuRGgTfQgub3HdALRPiAXvej4036gg=="
    },
    "fin-hypergrid": {
      "version": "3.0.2",
      "resolved": "https://registry.npmjs.org/fin-hypergrid/-/fin-hypergrid-3.0.2.tgz",
      "integrity": "sha512-lPT15SD7KqByNmW/pZRdcE9+mQCORjwfZm1cqGzS+1wahYU6V+iZXhdC4feN/sf3XeFxNlLsuF9K8HRDC4mOmQ==",
      "requires": {
        "datasaur-base": "^3.0.0",
        "datasaur-local": "^3.0.0",
        "extend-me": "^2.7.0",
        "finbars": "^1.6.0",
        "inject-stylesheet-template": "^1.0.1",
        "mustache": "^2.3.0",
        "object-iterators": "1.3.0",
        "overrider": "^0",
        "rectangular": "1.0.1",
        "sparse-boolean-array": "1.0.1",
        "synonomous": "^2.1.2"
      }
    },
    "fin-hypergrid-event-logger": {
      "version": "1.0.4",
      "resolved": "https://registry.npmjs.org/fin-hypergrid-event-logger/-/fin-hypergrid-event-logger-1.0.4.tgz",
      "integrity": "sha512-BgZy5ZLttVGceEWtXzMfE0oeBOzAt+B3j0vNI7fApVCC0/LYWu3vgf4pP4TIB2GMWLoZ7UYsHI/67QIhR8xiGQ==",
      "requires": {
        "starlog": "^1.0.0"
      }
    },
    "finbars": {
      "version": "1.6.0",
      "resolved": "https://registry.npmjs.org/finbars/-/finbars-1.6.0.tgz",
      "integrity": "sha512-ZqKMygrNOkFIacc5M1ShGCfe17CmYQb7cNO8N+LVSM275/uTNARcXrkN/K5zInnZ04y6BvooXPiWi996859zLQ==",
      "requires": {
        "css-injector": "^1.0.2"
      }
    },
    "greylist": {
      "version": "2.1.0",
      "resolved": "https://registry.npmjs.org/greylist/-/greylist-2.1.0.tgz",
      "integrity": "sha512-GywJbBZOL+0olybls0+hTBEOJxv+8971bHyPf89sevJ/8TtTZmig3mnn6gAYINZIIACg8YlJfnQChFsXNhqeIw=="
    },
    "inject-stylesheet-template": {
      "version": "1.0.2",
      "resolved": "https://registry.npmjs.org/inject-stylesheet-template/-/inject-stylesheet-template-1.0.2.tgz",
      "integrity": "sha1-rW1jZCuGVRuG7b1hZK7Y2IuD9N4=",
      "requires": {
        "automat": "^1.2.0"
      }
    },
    "match-point": {
      "version": "1.0.0",
      "resolved": "https://registry.npmjs.org/match-point/-/match-point-1.0.0.tgz",
      "integrity": "sha512-4i7b7ntLiBw70eFkGRB2PGSuJhtvZmM4anfuf1GTmH43Z5qG+wxhz0vaEHx9CIWygNGuXzrUJORIVGleYtpV2g=="
    },
    "mustache": {
      "version": "2.3.2",
      "resolved": "https://registry.npmjs.org/mustache/-/mustache-2.3.2.tgz",
      "integrity": "sha512-KpMNwdQsYz3O/SBS1qJ/o3sqUJ5wSb8gb0pul8CO0S56b9Y2ALm8zCfsjPXsqGFfoNBkDwZuZIAjhsZI03gYVQ=="
    },
    "object-catalog": {
      "version": "1.1.2",
      "resolved": "https://registry.npmjs.org/object-catalog/-/object-catalog-1.1.2.tgz",
      "integrity": "sha512-eLJIG82cGqOEvNIHasCFu9eks9w0fGruVHEPdjagAEpwcoFiuA2O9xJCYrNRlJeBhtqkri/zzc38/cPDQBKqiw==",
      "requires": {
        "greylist": "^2.1.0"
      }
    },
    "object-iterators": {
      "version": "1.3.0",
      "resolved": "https://registry.npmjs.org/object-iterators/-/object-iterators-1.3.0.tgz",
      "integrity": "sha1-l1sByUb/vwjK0v/g+p4F1puUQPQ="
    },
    "overrider": {
      "version": "0.3.0",
      "resolved": "https://registry.npmjs.org/overrider/-/overrider-0.3.0.tgz",
      "integrity": "sha1-Akz7aNnwmxAQl3Hz2X9FF9Bb42o="
    },
    "rectangular": {
      "version": "1.0.1",
      "resolved": "https://registry.npmjs.org/rectangular/-/rectangular-1.0.1.tgz",
      "integrity": "sha1-VsyC1VRhP3+QC0eqsHlnqyR5bZg="
    },
    "sparse-boolean-array": {
      "version": "1.0.1",
      "resolved": "https://registry.npmjs.org/sparse-boolean-array/-/sparse-boolean-array-1.0.1.tgz",
      "integrity": "sha1-4Ox6XFNAd0kMXg/5O58Uj2COzHo="
    },
    "starlog": {
      "version": "1.0.0",
      "resolved": "https://registry.npmjs.org/starlog/-/starlog-1.0.0.tgz",
      "integrity": "sha512-jJpzmEHN939iHxmdns3cnsioIK8/XqFgzB/KXOvpQHkXpprliefpCQofm533+Cfxy58w4hVogdjwGdKMhq8Liw==",
      "requires": {
        "code-match": "^1.0.0"
      }
    },
    "synonomous": {
      "version": "2.1.2",
      "resolved": "https://registry.npmjs.org/synonomous/-/synonomous-2.1.2.tgz",
      "integrity": "sha512-oHkJKckUyE1ajo5lg/N3kPA7FmBQflGs1vE5HbnFbQuVgF5ocWbUVvSGjEs3/grqKLZI3RKnkYOi+ic8AapYlw=="
    }
  }
}
